
Microsoft Visual Studio Solution File, Format Version 12.00
# Visual Studio Version 17
VisualStudioVersion = 17.7.34031.279
MinimumVisualStudioVersion = 10.0.40219.1
Project("{9A19103F-16F7-4668-BE54-9A1E7A4F7556}") = "Week2", "Week2\Week2.csproj", "{72E1AF23-4B83-4746-8D3D-9F681E20FC1E}"
EndProject
Project("{9A19103F-16F7-4668-BE54-9A1E7A4F7556}") = "UserGenderValidation", "UserGenderValidation\UserGenderValidation.csproj", "{DA429535-D7CD-4985-B507-C95BECC4EFA3}"
EndProject
Project("{FAE04EC0-301F-11D3-BF4B-00C04F79EFBC}") = "UserAgeValidation1", "UserAgeValidation1\UserAgeValidation1.csproj", "{68E4F93F-D609-4BCB-AFB2-5D62AD5319D9}"
EndProject
Global
	GlobalSection(SolutionConfigurationPlatforms) = preSolution
		Debug|Any CPU = Debug|Any CPU
		Release|Any CPU = Release|Any CPU
	EndGlobalSection
	GlobalSection(ProjectConfigurationPlatforms) = postSolution
		{72E1AF23-4B83-4746-8D3D-9F681E20FC1E}.Debug|Any CPU.ActiveCfg = Debug|Any CPU
		{72E1AF23-4B83-4746-8D3D-9F681E20FC1E}.Debug|Any CPU.Build.0 = Debug|Any CPU
		{72E1AF23-4B83-4746-8D3D-9F681E20FC1E}.Release|Any CPU.ActiveCfg = Release|Any CPU
		{72E1AF23-4B83-4746-8D3D-9F681E20FC1E}.Release|Any CPU.Build.0 = Release|Any CPU
		{DA429535-D7CD-4985-B507-C95BECC4EFA3}.Debug|Any CPU.ActiveCfg = Debug|Any CPU
		{DA429535-D7CD-4985-B507-C95BECC4EFA3}.Debug|Any CPU.Build.0 = Debug|Any CPU
		{DA429535-D7CD-4985-B507-C95BECC4EFA3}.Release|Any CPU.ActiveCfg = Release|Any CPU
		{DA429535-D7CD-4985-B507-C95BECC4EFA3}.Release|Any CPU.Build.0 = Release|Any CPU
		{68E4F93F-D609-4BCB-AFB2-5D62AD5319D9}.Debug|Any CPU.ActiveCfg = Debug|Any CPU
		{68E4F93F-D609-4BCB-AFB2-5D62AD5319D9}.Debug|Any CPU.Build.0 = Debug|Any CPU
		{68E4F93F-D609-4BCB-AFB2-5D62AD5319D9}.Release|Any CPU.ActiveCfg = Release|Any CPU
		{68E4F93F-D609-4BCB-AFB2-5D62AD5319D9}.Release|Any CPU.Build.0 = Release|Any CPU
	EndGlobalSection
	GlobalSection(SolutionProperties) = preSolution
		HideSolutionNode = FALSE
	EndGlobalSection
	GlobalSection(ExtensibilityGlobals) = postSolution
		SolutionGuid = {705F78A7-A009-4289-805B-FE9461E0FFCE}
	EndGlobalSection
EndGlobal
